Microsoft Visual Studio Solution File, Format Version 12.00
# Visual Studio Version 17
VisualStudioVersion = 17.5.2.0
MinimumVisualStudioVersion = 10.0.40219.1
Project("{FAE04EC0-301F-11D3-BF4B-00C04F79EFBC}") = "TweaksAndFixes", "TweaksAndFixes.csproj", "{5B1ED4D3-C596-05C5-9256-216202D3A08B}"
EndProject
Global
	GlobalSection(SolutionConfigurationPlatforms) = preSolution
		Debug|Any CPU = Debug|Any CPU
		Release|Any CPU = Release|Any CPU
	EndGlobalSection
	GlobalSection(ProjectConfigurationPlatforms) = postSolution
		{5B1ED4D3-C596-05C5-9256-216202D3A08B}.Debug|Any CPU.ActiveCfg = Debug|Any CPU
		{5B1ED4D3-C596-05C5-9256-216202D3A08B}.Debug|Any CPU.Build.0 = Debug|Any CPU
		{5B1ED4D3-C596-05C5-9256-216202D3A08B}.Release|Any CPU.ActiveCfg = Release|Any CPU
		{5B1ED4D3-C596-05C5-9256-216202D3A08B}.Release|Any CPU.Build.0 = Release|Any CPU
	EndGlobalSection
	GlobalSection(SolutionProperties) = preSolution
		HideSolutionNode = FALSE
	EndGlobalSection
	GlobalSection(ExtensibilityGlobals) = postSolution
		SolutionGuid = {248A5006-3BE7-4539-A5E0-82242C888B58}
	EndGlobalSection
EndGlobal
